
Microsoft Visual Studio Solution File, Format Version 12.00
# Visual Studio Version 17
VisualStudioVersion = 17.2.32630.192
MinimumVisualStudioVersion = 10.0.40219.1
Project("{9A19103F-16F7-4668-BE54-9A1E7A4F7556}") = "student_management", "student_management\student_management.csproj", "{9807C331-D478-4FBE-AB81-060F35714F85}"
EndProject
Project("{2150E333-8FDC-42A3-9474-1A3956D46DE8}") = "NewFolder1", "NewFolder1", "{CF259B33-0920-4D11-AD08-D89C9CD9EE8A}"
EndProject
Global
	GlobalSection(SolutionConfigurationPlatforms) = preSolution
		Debug|Any CPU = Debug|Any CPU
		Release|Any CPU = Release|Any CPU
	EndGlobalSection
	GlobalSection(ProjectConfigurationPlatforms) = postSolution
		{9807C331-D478-4FBE-AB81-060F35714F85}.Debug|Any CPU.ActiveCfg = Debug|Any CPU
		{9807C331-D478-4FBE-AB81-060F35714F85}.Debug|Any CPU.Build.0 = Debug|Any CPU
		{9807C331-D478-4FBE-AB81-060F35714F85}.Release|Any CPU.ActiveCfg = Release|Any CPU
		{9807C331-D478-4FBE-AB81-060F35714F85}.Release|Any CPU.Build.0 = Release|Any CPU
	EndGlobalSection
	GlobalSection(SolutionProperties) = preSolution
		HideSolutionNode = FALSE
	EndGlobalSection
	GlobalSection(ExtensibilityGlobals) = postSolution
		SolutionGuid = {14908F2F-2669-4DCA-ACD5-74CD61077ADA}
	EndGlobalSection
EndGlobal
